Microsoft Visual Studio Solution File, Format Version 12.00
# Visual Studio 15
VisualStudioVersion = 15.0.27130.2027
MinimumVisualStudioVersion = 10.0.40219.1
Project("{FAE04EC0-301F-11D3-BF4B-00C04F79EFBC}") = "mscorlib", "mscorlib\mscorlib.csproj", "{AA751E21-9220-42CE-8180-516BB59E4555}"
EndProject
Project("{FAE04EC0-301F-11D3-BF4B-00C04F79EFBC}") = "GHIElectronics.TinyCLR.Devices", "GHIElectronics.TinyCLR.Devices\GHIElectronics.TinyCLR.Devices.csproj", "{04B01E7E-5052-4E52-B21B-0BF37B9E0C86}"
	ProjectSection(ProjectDependencies) = postProject
		{AA751E21-9220-42CE-8180-516BB59E4555} = {AA751E21-9220-42CE-8180-516BB59E4555}
	EndProjectSection
EndProject
Project("{FAE04EC0-301F-11D3-BF4B-00C04F79EFBC}") = "GHIElectronics.TinyCLR.Pins", "GHIElectronics.TinyCLR.Pins\GHIElectronics.TinyCLR.Pins.csproj", "{2DCEEF58-5455-457C-B968-52D791605D07}"
	ProjectSection(ProjectDependencies) = postProject
		{AA751E21-9220-42CE-8180-516BB59E4555} = {AA751E21-9220-42CE-8180-516BB59E4555}
	EndProjectSection
EndProject
Project("{FAE04EC0-301F-11D3-BF4B-00C04F79EFBC}") = "GHIElectronics.TinyCLR.Drawing", "GHIElectronics.TinyCLR.Drawing\GHIElectronics.TinyCLR.Drawing.csproj", "{52A54E94-2FD8-4EEE-822C-C8C7F27AF423}"
	ProjectSection(ProjectDependencies) = postProject
		{AA751E21-9220-42CE-8180-516BB59E4555} = {AA751E21-9220-42CE-8180-516BB59E4555}
	EndProjectSection
EndProject
Project("{FAE04EC0-301F-11D3-BF4B-00C04F79EFBC}") = "GHIElectronics.TinyCLR.BrainPad", "GHIElectronics.TinyCLR.BrainPad\GHIElectronics.TinyCLR.BrainPad.csproj", "{50B4B973-7625-44B2-8304-369790A68B29}"
	ProjectSection(ProjectDependencies) = postProject
		{AA751E21-9220-42CE-8180-516BB59E4555} = {AA751E21-9220-42CE-8180-516BB59E4555}
	EndProjectSection
EndProject
Project("{FAE04EC0-301F-11D3-BF4B-00C04F79EFBC}") = "GHIElectronics.TinyCLR.Networking", "GHIElectronics.TinyCLR.Networking\GHIElectronics.TinyCLR.Networking.csproj", "{1AFA3955-B36D-4A8A-8B7F-86F39FC2FDE3}"
	ProjectSection(ProjectDependencies) = postProject
		{AA751E21-9220-42CE-8180-516BB59E4555} = {AA751E21-9220-42CE-8180-516BB59E4555}
	EndProjectSection
EndProject
Project("{FAE04EC0-301F-11D3-BF4B-00C04F79EFBC}") = "GHIElectronics.TinyCLR.Networking.Http", "GHIElectronics.TinyCLR.Networking.Http\GHIElectronics.TinyCLR.Networking.Http.csproj", "{D89B51CA-0A2C-4A50-8312-D3B3F57F1096}"
	ProjectSection(ProjectDependencies) = postProject
		{AA751E21-9220-42CE-8180-516BB59E4555} = {AA751E21-9220-42CE-8180-516BB59E4555}
	EndProjectSection
EndProject
Project("{FAE04EC0-301F-11D3-BF4B-00C04F79EFBC}") = "GHIElectronics.TinyCLR.Networking.SPWF04Sx", "GHIElectronics.TinyCLR.Networking.SPWF04Sx\GHIElectronics.TinyCLR.Networking.SPWF04Sx.csproj", "{365C4668-89FB-429C-B90B-D80AF6CF9B9D}"
	ProjectSection(ProjectDependencies) = postProject
		{AA751E21-9220-42CE-8180-516BB59E4555} = {AA751E21-9220-42CE-8180-516BB59E4555}
	EndProjectSection
EndProject
Project("{FAE04EC0-301F-11D3-BF4B-00C04F79EFBC}") = "GHIElectronics.TinyCLR.IO", "GHIElectronics.TinyCLR.IO\GHIElectronics.TinyCLR.IO.csproj", "{313AEC8E-2B47-4A1A-ACE2-A766D076B2AE}"
EndProject
Project("{FAE04EC0-301F-11D3-BF4B-00C04F79EFBC}") = "GHIElectronics.TinyCLR.Pins.UCM", "GHIElectronics.TinyCLR.Pins.UCM\GHIElectronics.TinyCLR.Pins.UCM.csproj", "{C4F24406-6C04-4F46-B148-07B08A0779BA}"
EndProject
Project("{FAE04EC0-301F-11D3-BF4B-00C04F79EFBC}") = "GHIElectronics.TinyCLR.UI", "GHIElectronics.TinyCLR.UI\GHIElectronics.TinyCLR.UI.csproj", "{2BD3FB57-7D27-4DAF-A0DC-A23F5793E12A}"
EndProject
Project("{FAE04EC0-301F-11D3-BF4B-00C04F79EFBC}") = "GHIElectronics.TinyCLR.Native", "GHIElectronics.TinyCLR.Native\GHIElectronics.TinyCLR.Native.csproj", "{B602474A-AEB0-491C-832B-7EAF0B4511C0}"
EndProject
Global
	GlobalSection(SolutionConfigurationPlatforms) = preSolution
		Debug|Any CPU = Debug|Any CPU
		Release|Any CPU = Release|Any CPU
	EndGlobalSection
	GlobalSection(ProjectConfigurationPlatforms) = postSolution
		{AA751E21-9220-42CE-8180-516BB59E4555}.Debug|Any CPU.ActiveCfg = Debug|Any CPU
		{AA751E21-9220-42CE-8180-516BB59E4555}.Debug|Any CPU.Build.0 = Debug|Any CPU
		{AA751E21-9220-42CE-8180-516BB59E4555}.Release|Any CPU.ActiveCfg = Release|Any CPU
		{AA751E21-9220-42CE-8180-516BB59E4555}.Release|Any CPU.Build.0 = Release|Any CPU
		{04B01E7E-5052-4E52-B21B-0BF37B9E0C86}.Debug|Any CPU.ActiveCfg = Debug|Any CPU
		{04B01E7E-5052-4E52-B21B-0BF37B9E0C86}.Debug|Any CPU.Build.0 = Debug|Any CPU
		{04B01E7E-5052-4E52-B21B-0BF37B9E0C86}.Release|Any CPU.ActiveCfg = Release|Any CPU
		{04B01E7E-5052-4E52-B21B-0BF37B9E0C86}.Release|Any CPU.Build.0 = Release|Any CPU
		{2DCEEF58-5455-457C-B968-52D791605D07}.Debug|Any CPU.ActiveCfg = Debug|Any CPU
		{2DCEEF58-5455-457C-B968-52D791605D07}.Debug|Any CPU.Build.0 = Debug|Any CPU
		{2DCEEF58-5455-457C-B968-52D791605D07}.Release|Any CPU.ActiveCfg = Release|Any CPU
		{2DCEEF58-5455-457C-B968-52D791605D07}.Release|Any CPU.Build.0 = Release|Any CPU
		{52A54E94-2FD8-4EEE-822C-C8C7F27AF423}.Debug|Any CPU.ActiveCfg = Debug|Any CPU
		{52A54E94-2FD8-4EEE-822C-C8C7F27AF423}.Debug|Any CPU.Build.0 = Debug|Any CPU
		{52A54E94-2FD8-4EEE-822C-C8C7F27AF423}.Release|Any CPU.ActiveCfg = Release|Any CPU
		{52A54E94-2FD8-4EEE-822C-C8C7F27AF423}.Release|Any CPU.Build.0 = Release|Any CPU
		{50B4B973-7625-44B2-8304-369790A68B29}.Debug|Any CPU.ActiveCfg = Debug|Any CPU
		{50B4B973-7625-44B2-8304-369790A68B29}.Debug|Any CPU.Build.0 = Debug|Any CPU
		{50B4B973-7625-44B2-8304-369790A68B29}.Release|Any CPU.ActiveCfg = Release|Any CPU
		{50B4B973-7625-44B2-8304-369790A68B29}.Release|Any CPU.Build.0 = Release|Any CPU
		{1AFA3955-B36D-4A8A-8B7F-86F39FC2FDE3}.Debug|Any CPU.ActiveCfg = Debug|Any CPU
		{1AFA3955-B36D-4A8A-8B7F-86F39FC2FDE3}.Debug|Any CPU.Build.0 = Debug|Any CPU
		{1AFA3955-B36D-4A8A-8B7F-86F39FC2FDE3}.Release|Any CPU.ActiveCfg = Release|Any CPU
		{1AFA3955-B36D-4A8A-8B7F-86F39FC2FDE3}.Release|Any CPU.Build.0 = Release|Any CPU
		{D89B51CA-0A2C-4A50-8312-D3B3F57F1096}.Debug|Any CPU.ActiveCfg = Debug|Any CPU
		{D89B51CA-0A2C-4A50-8312-D3B3F57F1096}.Debug|Any CPU.Build.0 = Debug|Any CPU
		{D89B51CA-0A2C-4A50-8312-D3B3F57F1096}.Release|Any CPU.ActiveCfg = Release|Any CPU
		{D89B51CA-0A2C-4A50-8312-D3B3F57F1096}.Release|Any CPU.Build.0 = Release|Any CPU
		{365C4668-89FB-429C-B90B-D80AF6CF9B9D}.Debug|Any CPU.ActiveCfg = Debug|Any CPU
		{365C4668-89FB-429C-B90B-D80AF6CF9B9D}.Debug|Any CPU.Build.0 = Debug|Any CPU
		{365C4668-89FB-429C-B90B-D80AF6CF9B9D}.Release|Any CPU.ActiveCfg = Release|Any CPU
		{365C4668-89FB-429C-B90B-D80AF6CF9B9D}.Release|Any CPU.Build.0 = Release|Any CPU
		{313AEC8E-2B47-4A1A-ACE2-A766D076B2AE}.Debug|Any CPU.ActiveCfg = Debug|Any CPU
		{313AEC8E-2B47-4A1A-ACE2-A766D076B2AE}.Debug|Any CPU.Build.0 = Debug|Any CPU
		{313AEC8E-2B47-4A1A-ACE2-A766D076B2AE}.Release|Any CPU.ActiveCfg = Release|Any CPU
		{313AEC8E-2B47-4A1A-ACE2-A766D076B2AE}.Release|Any CPU.Build.0 = Release|Any CPU
		{C4F24406-6C04-4F46-B148-07B08A0779BA}.Debug|Any CPU.ActiveCfg = Debug|Any CPU
		{C4F24406-6C04-4F46-B148-07B08A0779BA}.Debug|Any CPU.Build.0 = Debug|Any CPU
		{C4F24406-6C04-4F46-B148-07B08A0779BA}.Release|Any CPU.ActiveCfg = Release|Any CPU
		{C4F24406-6C04-4F46-B148-07B08A0779BA}.Release|Any CPU.Build.0 = Release|Any CPU
		{2BD3FB57-7D27-4DAF-A0DC-A23F5793E12A}.Debug|Any CPU.ActiveCfg = Debug|Any CPU
		{2BD3FB57-7D27-4DAF-A0DC-A23F5793E12A}.Debug|Any CPU.Build.0 = Debug|Any CPU
		{2BD3FB57-7D27-4DAF-A0DC-A23F5793E12A}.Release|Any CPU.ActiveCfg = Release|Any CPU
		{2BD3FB57-7D27-4DAF-A0DC-A23F5793E12A}.Release|Any CPU.Build.0 = Release|Any CPU
		{B602474A-AEB0-491C-832B-7EAF0B4511C0}.Debug|Any CPU.ActiveCfg = Debug|Any CPU
		{B602474A-AEB0-491C-832B-7EAF0B4511C0}.Debug|Any CPU.Build.0 = Debug|Any CPU
		{B602474A-AEB0-491C-832B-7EAF0B4511C0}.Release|Any CPU.ActiveCfg = Release|Any CPU
		{B602474A-AEB0-491C-832B-7EAF0B4511C0}.Release|Any CPU.Build.0 = Release|Any CPU
	EndGlobalSection
	GlobalSection(SolutionProperties) = preSolution
		HideSolutionNode = FALSE
	EndGlobalSection
	GlobalSection(ExtensibilityGlobals) = postSolution
		SolutionGuid = {D26377BD-E8B0-4892-8F73-C05205B1FB59}
	EndGlobalSection
EndGlobal
