Microsoft Visual Studio Solution File, Format Version 12.00
# Visual Studio Version 16
VisualStudioVersion = 16.0.29324.140
MinimumVisualStudioVersion = 10.0.40219.1
Project("{FAE04EC0-301F-11D3-BF4B-00C04F79EFBC}") = "mscorlib", "mscorlib\mscorlib.csproj", "{AA751E21-9220-42CE-8180-516BB59E4555}"
EndProject
Project("{FAE04EC0-301F-11D3-BF4B-00C04F79EFBC}") = "GHIElectronics.TinyCLR.Pins", "GHIElectronics.TinyCLR.Pins\GHIElectronics.TinyCLR.Pins.csproj", "{2DCEEF58-5455-457C-B968-52D791605D07}"
	ProjectSection(ProjectDependencies) = postProject
		{AA751E21-9220-42CE-8180-516BB59E4555} = {AA751E21-9220-42CE-8180-516BB59E4555}
	EndProjectSection
EndProject
Project("{FAE04EC0-301F-11D3-BF4B-00C04F79EFBC}") = "GHIElectronics.TinyCLR.Drawing", "GHIElectronics.TinyCLR.Drawing\GHIElectronics.TinyCLR.Drawing.csproj", "{52A54E94-2FD8-4EEE-822C-C8C7F27AF423}"
	ProjectSection(ProjectDependencies) = postProject
		{AA751E21-9220-42CE-8180-516BB59E4555} = {AA751E21-9220-42CE-8180-516BB59E4555}
	EndProjectSection
EndProject
Project("{FAE04EC0-301F-11D3-BF4B-00C04F79EFBC}") = "GHIElectronics.TinyCLR.Networking", "GHIElectronics.TinyCLR.Networking\GHIElectronics.TinyCLR.Networking.csproj", "{1AFA3955-B36D-4A8A-8B7F-86F39FC2FDE3}"
	ProjectSection(ProjectDependencies) = postProject
		{AA751E21-9220-42CE-8180-516BB59E4555} = {AA751E21-9220-42CE-8180-516BB59E4555}
	EndProjectSection
EndProject
Project("{FAE04EC0-301F-11D3-BF4B-00C04F79EFBC}") = "GHIElectronics.TinyCLR.Networking.Http", "GHIElectronics.TinyCLR.Networking.Http\GHIElectronics.TinyCLR.Networking.Http.csproj", "{D89B51CA-0A2C-4A50-8312-D3B3F57F1096}"
	ProjectSection(ProjectDependencies) = postProject
		{AA751E21-9220-42CE-8180-516BB59E4555} = {AA751E21-9220-42CE-8180-516BB59E4555}
	EndProjectSection
EndProject
Project("{FAE04EC0-301F-11D3-BF4B-00C04F79EFBC}") = "GHIElectronics.TinyCLR.IO", "GHIElectronics.TinyCLR.IO\GHIElectronics.TinyCLR.IO.csproj", "{313AEC8E-2B47-4A1A-ACE2-A766D076B2AE}"
EndProject
Project("{FAE04EC0-301F-11D3-BF4B-00C04F79EFBC}") = "GHIElectronics.TinyCLR.UI", "GHIElectronics.TinyCLR.UI\GHIElectronics.TinyCLR.UI.csproj", "{2BD3FB57-7D27-4DAF-A0DC-A23F5793E12A}"
EndProject
Project("{FAE04EC0-301F-11D3-BF4B-00C04F79EFBC}") = "GHIElectronics.TinyCLR.Native", "GHIElectronics.TinyCLR.Native\GHIElectronics.TinyCLR.Native.csproj", "{B602474A-AEB0-491C-832B-7EAF0B4511C0}"
	ProjectSection(ProjectDependencies) = postProject
		{AA751E21-9220-42CE-8180-516BB59E4555} = {AA751E21-9220-42CE-8180-516BB59E4555}
	EndProjectSection
EndProject
Project("{FAE04EC0-301F-11D3-BF4B-00C04F79EFBC}") = "GHIElectronics.TinyCLR.Devices.Adc", "GHIElectronics.TinyCLR.Devices.Adc\GHIElectronics.TinyCLR.Devices.Adc.csproj", "{F37DE4C9-9C6E-4FE3-BABB-2B815FADD162}"
EndProject
Project("{FAE04EC0-301F-11D3-BF4B-00C04F79EFBC}") = "GHIElectronics.TinyCLR.Devices.Can", "GHIElectronics.TinyCLR.Devices.Can\GHIElectronics.TinyCLR.Devices.Can.csproj", "{E74910F5-CF61-4EA3-A7A6-6D6C0AAF7266}"
EndProject
Project("{FAE04EC0-301F-11D3-BF4B-00C04F79EFBC}") = "GHIElectronics.TinyCLR.Devices.Dac", "GHIElectronics.TinyCLR.Devices.Dac\GHIElectronics.TinyCLR.Devices.Dac.csproj", "{A35B5EE4-20EE-4E01-B218-C0B4B2DD3219}"
EndProject
Project("{FAE04EC0-301F-11D3-BF4B-00C04F79EFBC}") = "GHIElectronics.TinyCLR.Devices.Display", "GHIElectronics.TinyCLR.Devices.Display\GHIElectronics.TinyCLR.Devices.Display.csproj", "{2E1DCA92-5601-4038-A1F0-01A604FB0B65}"
EndProject
Project("{FAE04EC0-301F-11D3-BF4B-00C04F79EFBC}") = "GHIElectronics.TinyCLR.Devices.Gpio", "GHIElectronics.TinyCLR.Devices.Gpio\GHIElectronics.TinyCLR.Devices.Gpio.csproj", "{21FBFF15-D7C4-48A8-B3D1-CE70A288B3EA}"
EndProject
Project("{FAE04EC0-301F-11D3-BF4B-00C04F79EFBC}") = "GHIElectronics.TinyCLR.Devices.I2c", "GHIElectronics.TinyCLR.Devices.I2c\GHIElectronics.TinyCLR.Devices.I2c.csproj", "{670AD403-A7C6-4C0A-A9A3-82767B3FCBB2}"
EndProject
Project("{FAE04EC0-301F-11D3-BF4B-00C04F79EFBC}") = "GHIElectronics.TinyCLR.Devices.Pwm", "GHIElectronics.TinyCLR.Devices.Pwm\GHIElectronics.TinyCLR.Devices.Pwm.csproj", "{ED1377EE-A8C8-4EC0-9CAD-F32E5AD9AD30}"
EndProject
Project("{FAE04EC0-301F-11D3-BF4B-00C04F79EFBC}") = "GHIElectronics.TinyCLR.Devices.Rtc", "GHIElectronics.TinyCLR.Devices.Rtc\GHIElectronics.TinyCLR.Devices.Rtc.csproj", "{6AC30771-0622-42C8-AD44-AD30D9DE2A97}"
EndProject
Project("{FAE04EC0-301F-11D3-BF4B-00C04F79EFBC}") = "GHIElectronics.TinyCLR.Devices.Signals", "GHIElectronics.TinyCLR.Devices.Signals\GHIElectronics.TinyCLR.Devices.Signals.csproj", "{ACC9F6AC-DB1E-4A48-95A2-08F521B8A9CD}"
EndProject
Project("{FAE04EC0-301F-11D3-BF4B-00C04F79EFBC}") = "GHIElectronics.TinyCLR.Devices.Spi", "GHIElectronics.TinyCLR.Devices.Spi\GHIElectronics.TinyCLR.Devices.Spi.csproj", "{6CF1CBC7-B597-4BB7-8149-289B849ED283}"
EndProject
Project("{FAE04EC0-301F-11D3-BF4B-00C04F79EFBC}") = "GHIElectronics.TinyCLR.Devices.Storage", "GHIElectronics.TinyCLR.Devices.Storage\GHIElectronics.TinyCLR.Devices.Storage.csproj", "{F3CD9D5A-75B4-4AD9-852D-4B0895ED3979}"
EndProject
Project("{FAE04EC0-301F-11D3-BF4B-00C04F79EFBC}") = "GHIElectronics.TinyCLR.Devices.Uart", "GHIElectronics.TinyCLR.Devices.Uart\GHIElectronics.TinyCLR.Devices.Uart.csproj", "{D4456808-26EE-49D9-99ED-A11F5FF78EB9}"
EndProject
Project("{FAE04EC0-301F-11D3-BF4B-00C04F79EFBC}") = "GHIElectronics.TinyCLR.Devices.Network", "GHIElectronics.TinyCLR.Devices.Network\GHIElectronics.TinyCLR.Devices.Network.csproj", "{C6722DB2-B687-44C4-B1A1-665C50F34AF1}"
EndProject
Project("{FAE04EC0-301F-11D3-BF4B-00C04F79EFBC}") = "GHIElectronics.TinyCLR.Data.SQLite", "GHIElectronics.TinyCLR.Data.SQLite\GHIElectronics.TinyCLR.Data.SQLite.csproj", "{212BDB85-A7EF-43FB-94B8-07B9259350C1}"
EndProject
Project("{FAE04EC0-301F-11D3-BF4B-00C04F79EFBC}") = "GHIElectronics.TinyCLR.Update", "GHIElectronics.TinyCLR.Update\GHIElectronics.TinyCLR.Update.csproj", "{2AFA38BA-4DAE-49F6-9F42-B8805BFFB9CC}"
EndProject
Project("{FAE04EC0-301F-11D3-BF4B-00C04F79EFBC}") = "GHIElectronics.TinyCLR.Data.Json", "GHIElectronics.TinyCLR.Data.Json\GHIElectronics.TinyCLR.Data.Json.csproj", "{4B7A2C87-ABC9-4B99-A500-DB147F909945}"
EndProject
Project("{FAE04EC0-301F-11D3-BF4B-00C04F79EFBC}") = "GHIElectronics.TinyCLR.Devices.Camera", "GHIElectronics.TinyCLR.Devices.Camera\GHIElectronics.TinyCLR.Devices.Camera.csproj", "{104FA29F-F58B-4C4F-A9B1-A1527FD6A3EF}"
EndProject
Project("{FAE04EC0-301F-11D3-BF4B-00C04F79EFBC}") = "GHIElectronics.TinyCLR.Devices.Watchdog", "GHIElectronics.TinyCLR.Devices.Watchdog\GHIElectronics.TinyCLR.Devices.Watchdog.csproj", "{E03295E4-60A5-430F-ACCA-F28E085AD8C9}"
EndProject
Project("{FAE04EC0-301F-11D3-BF4B-00C04F79EFBC}") = "GHIElectronics.TinyCLR.Devices.UsbClient", "GHIElectronics.TinyCLR.Devices.UsbClient\GHIElectronics.TinyCLR.Devices.UsbClient.csproj", "{B05CC69D-2285-4F85-978F-D1828B773150}"
EndProject
Project("{FAE04EC0-301F-11D3-BF4B-00C04F79EFBC}") = "GHIElectronics.TinyCLR.Networking.Mqtt", "GHIElectronics.TinyCLR.Networking.Mqtt\GHIElectronics.TinyCLR.Networking.Mqtt.csproj", "{641CB7EC-23CE-4911-83B7-E1D435713F80}"
EndProject
Project("{FAE04EC0-301F-11D3-BF4B-00C04F79EFBC}") = "GHIElectronics.TinyCLR.Devices.Modbus", "GHIElectronics.TinyCLR.Devices.Modbus\GHIElectronics.TinyCLR.Devices.Modbus.csproj", "{19886B6D-0A32-42B4-94A0-82614B34ACEF}"
EndProject
Project("{FAE04EC0-301F-11D3-BF4B-00C04F79EFBC}") = "GHIElectronics.TinyCLR.Devices.Onewire", "GHIElectronics.TinyCLR.Devices.Onewire\GHIElectronics.TinyCLR.Devices.Onewire.csproj", "{F9E03CB8-A7FB-46CC-A3D7-6421E52972AA}"
EndProject
Project("{FAE04EC0-301F-11D3-BF4B-00C04F79EFBC}") = "GHIElectronics.TinyCLR.Cryptography", "GHIElectronics.TinyCLR.Cryptography\GHIElectronics.TinyCLR.Cryptography.csproj", "{7082C1DA-1E6C-4DDB-B54A-9609BB79F60F}"
EndProject
Project("{FAE04EC0-301F-11D3-BF4B-00C04F79EFBC}") = "GHIElectronics.TinyCLR.Media", "GHIElectronics.TinyCLR.Media\GHIElectronics.TinyCLR.Media.csproj", "{C1D12B50-AD07-4DC9-B96D-D747F2AE3EE4}"
EndProject
Project("{FAE04EC0-301F-11D3-BF4B-00C04F79EFBC}") = "GHIElectronics.TinyCLR.Devices.UsbHost", "GHIElectronics.TinyCLR.Devices.UsbHost\GHIElectronics.TinyCLR.Devices.UsbHost.csproj", "{3BC840C4-5502-465D-BC29-15B570BFFDA1}"
EndProject
Global
	GlobalSection(SolutionConfigurationPlatforms) = preSolution
		Debug|Any CPU = Debug|Any CPU
		Release|Any CPU = Release|Any CPU
	EndGlobalSection
	GlobalSection(ProjectConfigurationPlatforms) = postSolution
		{AA751E21-9220-42CE-8180-516BB59E4555}.Debug|Any CPU.ActiveCfg = Debug|Any CPU
		{AA751E21-9220-42CE-8180-516BB59E4555}.Debug|Any CPU.Build.0 = Debug|Any CPU
		{AA751E21-9220-42CE-8180-516BB59E4555}.Release|Any CPU.ActiveCfg = Release|Any CPU
		{AA751E21-9220-42CE-8180-516BB59E4555}.Release|Any CPU.Build.0 = Release|Any CPU
		{2DCEEF58-5455-457C-B968-52D791605D07}.Debug|Any CPU.ActiveCfg = Debug|Any CPU
		{2DCEEF58-5455-457C-B968-52D791605D07}.Debug|Any CPU.Build.0 = Debug|Any CPU
		{2DCEEF58-5455-457C-B968-52D791605D07}.Release|Any CPU.ActiveCfg = Release|Any CPU
		{2DCEEF58-5455-457C-B968-52D791605D07}.Release|Any CPU.Build.0 = Release|Any CPU
		{52A54E94-2FD8-4EEE-822C-C8C7F27AF423}.Debug|Any CPU.ActiveCfg = Debug|Any CPU
		{52A54E94-2FD8-4EEE-822C-C8C7F27AF423}.Debug|Any CPU.Build.0 = Debug|Any CPU
		{52A54E94-2FD8-4EEE-822C-C8C7F27AF423}.Release|Any CPU.ActiveCfg = Release|Any CPU
		{52A54E94-2FD8-4EEE-822C-C8C7F27AF423}.Release|Any CPU.Build.0 = Release|Any CPU
		{1AFA3955-B36D-4A8A-8B7F-86F39FC2FDE3}.Debug|Any CPU.ActiveCfg = Debug|Any CPU
		{1AFA3955-B36D-4A8A-8B7F-86F39FC2FDE3}.Debug|Any CPU.Build.0 = Debug|Any CPU
		{1AFA3955-B36D-4A8A-8B7F-86F39FC2FDE3}.Release|Any CPU.ActiveCfg = Release|Any CPU
		{1AFA3955-B36D-4A8A-8B7F-86F39FC2FDE3}.Release|Any CPU.Build.0 = Release|Any CPU
		{D89B51CA-0A2C-4A50-8312-D3B3F57F1096}.Debug|Any CPU.ActiveCfg = Debug|Any CPU
		{D89B51CA-0A2C-4A50-8312-D3B3F57F1096}.Debug|Any CPU.Build.0 = Debug|Any CPU
		{D89B51CA-0A2C-4A50-8312-D3B3F57F1096}.Release|Any CPU.ActiveCfg = Release|Any CPU
		{D89B51CA-0A2C-4A50-8312-D3B3F57F1096}.Release|Any CPU.Build.0 = Release|Any CPU
		{313AEC8E-2B47-4A1A-ACE2-A766D076B2AE}.Debug|Any CPU.ActiveCfg = Debug|Any CPU
		{313AEC8E-2B47-4A1A-ACE2-A766D076B2AE}.Debug|Any CPU.Build.0 = Debug|Any CPU
		{313AEC8E-2B47-4A1A-ACE2-A766D076B2AE}.Release|Any CPU.ActiveCfg = Release|Any CPU
		{313AEC8E-2B47-4A1A-ACE2-A766D076B2AE}.Release|Any CPU.Build.0 = Release|Any CPU
		{2BD3FB57-7D27-4DAF-A0DC-A23F5793E12A}.Debug|Any CPU.ActiveCfg = Debug|Any CPU
		{2BD3FB57-7D27-4DAF-A0DC-A23F5793E12A}.Debug|Any CPU.Build.0 = Debug|Any CPU
		{2BD3FB57-7D27-4DAF-A0DC-A23F5793E12A}.Release|Any CPU.ActiveCfg = Release|Any CPU
		{2BD3FB57-7D27-4DAF-A0DC-A23F5793E12A}.Release|Any CPU.Build.0 = Release|Any CPU
		{B602474A-AEB0-491C-832B-7EAF0B4511C0}.Debug|Any CPU.ActiveCfg = Debug|Any CPU
		{B602474A-AEB0-491C-832B-7EAF0B4511C0}.Debug|Any CPU.Build.0 = Debug|Any CPU
		{B602474A-AEB0-491C-832B-7EAF0B4511C0}.Release|Any CPU.ActiveCfg = Release|Any CPU
		{B602474A-AEB0-491C-832B-7EAF0B4511C0}.Release|Any CPU.Build.0 = Release|Any CPU
		{F37DE4C9-9C6E-4FE3-BABB-2B815FADD162}.Debug|Any CPU.ActiveCfg = Debug|Any CPU
		{F37DE4C9-9C6E-4FE3-BABB-2B815FADD162}.Debug|Any CPU.Build.0 = Debug|Any CPU
		{F37DE4C9-9C6E-4FE3-BABB-2B815FADD162}.Release|Any CPU.ActiveCfg = Release|Any CPU
		{F37DE4C9-9C6E-4FE3-BABB-2B815FADD162}.Release|Any CPU.Build.0 = Release|Any CPU
		{E74910F5-CF61-4EA3-A7A6-6D6C0AAF7266}.Debug|Any CPU.ActiveCfg = Debug|Any CPU
		{E74910F5-CF61-4EA3-A7A6-6D6C0AAF7266}.Debug|Any CPU.Build.0 = Debug|Any CPU
		{E74910F5-CF61-4EA3-A7A6-6D6C0AAF7266}.Release|Any CPU.ActiveCfg = Release|Any CPU
		{E74910F5-CF61-4EA3-A7A6-6D6C0AAF7266}.Release|Any CPU.Build.0 = Release|Any CPU
		{A35B5EE4-20EE-4E01-B218-C0B4B2DD3219}.Debug|Any CPU.ActiveCfg = Debug|Any CPU
		{A35B5EE4-20EE-4E01-B218-C0B4B2DD3219}.Debug|Any CPU.Build.0 = Debug|Any CPU
		{A35B5EE4-20EE-4E01-B218-C0B4B2DD3219}.Release|Any CPU.ActiveCfg = Release|Any CPU
		{A35B5EE4-20EE-4E01-B218-C0B4B2DD3219}.Release|Any CPU.Build.0 = Release|Any CPU
		{2E1DCA92-5601-4038-A1F0-01A604FB0B65}.Debug|Any CPU.ActiveCfg = Debug|Any CPU
		{2E1DCA92-5601-4038-A1F0-01A604FB0B65}.Debug|Any CPU.Build.0 = Debug|Any CPU
		{2E1DCA92-5601-4038-A1F0-01A604FB0B65}.Release|Any CPU.ActiveCfg = Release|Any CPU
		{2E1DCA92-5601-4038-A1F0-01A604FB0B65}.Release|Any CPU.Build.0 = Release|Any CPU
		{21FBFF15-D7C4-48A8-B3D1-CE70A288B3EA}.Debug|Any CPU.ActiveCfg = Debug|Any CPU
		{21FBFF15-D7C4-48A8-B3D1-CE70A288B3EA}.Debug|Any CPU.Build.0 = Debug|Any CPU
		{21FBFF15-D7C4-48A8-B3D1-CE70A288B3EA}.Release|Any CPU.ActiveCfg = Release|Any CPU
		{21FBFF15-D7C4-48A8-B3D1-CE70A288B3EA}.Release|Any CPU.Build.0 = Release|Any CPU
		{670AD403-A7C6-4C0A-A9A3-82767B3FCBB2}.Debug|Any CPU.ActiveCfg = Debug|Any CPU
		{670AD403-A7C6-4C0A-A9A3-82767B3FCBB2}.Debug|Any CPU.Build.0 = Debug|Any CPU
		{670AD403-A7C6-4C0A-A9A3-82767B3FCBB2}.Release|Any CPU.ActiveCfg = Release|Any CPU
		{670AD403-A7C6-4C0A-A9A3-82767B3FCBB2}.Release|Any CPU.Build.0 = Release|Any CPU
		{ED1377EE-A8C8-4EC0-9CAD-F32E5AD9AD30}.Debug|Any CPU.ActiveCfg = Debug|Any CPU
		{ED1377EE-A8C8-4EC0-9CAD-F32E5AD9AD30}.Debug|Any CPU.Build.0 = Debug|Any CPU
		{ED1377EE-A8C8-4EC0-9CAD-F32E5AD9AD30}.Release|Any CPU.ActiveCfg = Release|Any CPU
		{ED1377EE-A8C8-4EC0-9CAD-F32E5AD9AD30}.Release|Any CPU.Build.0 = Release|Any CPU
		{6AC30771-0622-42C8-AD44-AD30D9DE2A97}.Debug|Any CPU.ActiveCfg = Debug|Any CPU
		{6AC30771-0622-42C8-AD44-AD30D9DE2A97}.Debug|Any CPU.Build.0 = Debug|Any CPU
		{6AC30771-0622-42C8-AD44-AD30D9DE2A97}.Release|Any CPU.ActiveCfg = Release|Any CPU
		{6AC30771-0622-42C8-AD44-AD30D9DE2A97}.Release|Any CPU.Build.0 = Release|Any CPU
		{ACC9F6AC-DB1E-4A48-95A2-08F521B8A9CD}.Debug|Any CPU.ActiveCfg = Debug|Any CPU
		{ACC9F6AC-DB1E-4A48-95A2-08F521B8A9CD}.Debug|Any CPU.Build.0 = Debug|Any CPU
		{ACC9F6AC-DB1E-4A48-95A2-08F521B8A9CD}.Release|Any CPU.ActiveCfg = Release|Any CPU
		{ACC9F6AC-DB1E-4A48-95A2-08F521B8A9CD}.Release|Any CPU.Build.0 = Release|Any CPU
		{6CF1CBC7-B597-4BB7-8149-289B849ED283}.Debug|Any CPU.ActiveCfg = Debug|Any CPU
		{6CF1CBC7-B597-4BB7-8149-289B849ED283}.Debug|Any CPU.Build.0 = Debug|Any CPU
		{6CF1CBC7-B597-4BB7-8149-289B849ED283}.Release|Any CPU.ActiveCfg = Release|Any CPU
		{6CF1CBC7-B597-4BB7-8149-289B849ED283}.Release|Any CPU.Build.0 = Release|Any CPU
		{F3CD9D5A-75B4-4AD9-852D-4B0895ED3979}.Debug|Any CPU.ActiveCfg = Debug|Any CPU
		{F3CD9D5A-75B4-4AD9-852D-4B0895ED3979}.Debug|Any CPU.Build.0 = Debug|Any CPU
		{F3CD9D5A-75B4-4AD9-852D-4B0895ED3979}.Release|Any CPU.ActiveCfg = Release|Any CPU
		{F3CD9D5A-75B4-4AD9-852D-4B0895ED3979}.Release|Any CPU.Build.0 = Release|Any CPU
		{D4456808-26EE-49D9-99ED-A11F5FF78EB9}.Debug|Any CPU.ActiveCfg = Debug|Any CPU
		{D4456808-26EE-49D9-99ED-A11F5FF78EB9}.Debug|Any CPU.Build.0 = Debug|Any CPU
		{D4456808-26EE-49D9-99ED-A11F5FF78EB9}.Release|Any CPU.ActiveCfg = Release|Any CPU
		{D4456808-26EE-49D9-99ED-A11F5FF78EB9}.Release|Any CPU.Build.0 = Release|Any CPU
		{C6722DB2-B687-44C4-B1A1-665C50F34AF1}.Debug|Any CPU.ActiveCfg = Debug|Any CPU
		{C6722DB2-B687-44C4-B1A1-665C50F34AF1}.Debug|Any CPU.Build.0 = Debug|Any CPU
		{C6722DB2-B687-44C4-B1A1-665C50F34AF1}.Release|Any CPU.ActiveCfg = Release|Any CPU
		{C6722DB2-B687-44C4-B1A1-665C50F34AF1}.Release|Any CPU.Build.0 = Release|Any CPU
		{212BDB85-A7EF-43FB-94B8-07B9259350C1}.Debug|Any CPU.ActiveCfg = Debug|Any CPU
		{212BDB85-A7EF-43FB-94B8-07B9259350C1}.Debug|Any CPU.Build.0 = Debug|Any CPU
		{212BDB85-A7EF-43FB-94B8-07B9259350C1}.Release|Any CPU.ActiveCfg = Release|Any CPU
		{212BDB85-A7EF-43FB-94B8-07B9259350C1}.Release|Any CPU.Build.0 = Release|Any CPU
		{2AFA38BA-4DAE-49F6-9F42-B8805BFFB9CC}.Debug|Any CPU.ActiveCfg = Debug|Any CPU
		{2AFA38BA-4DAE-49F6-9F42-B8805BFFB9CC}.Debug|Any CPU.Build.0 = Debug|Any CPU
		{2AFA38BA-4DAE-49F6-9F42-B8805BFFB9CC}.Release|Any CPU.ActiveCfg = Release|Any CPU
		{2AFA38BA-4DAE-49F6-9F42-B8805BFFB9CC}.Release|Any CPU.Build.0 = Release|Any CPU
		{4B7A2C87-ABC9-4B99-A500-DB147F909945}.Debug|Any CPU.ActiveCfg = Debug|Any CPU
		{4B7A2C87-ABC9-4B99-A500-DB147F909945}.Debug|Any CPU.Build.0 = Debug|Any CPU
		{4B7A2C87-ABC9-4B99-A500-DB147F909945}.Release|Any CPU.ActiveCfg = Release|Any CPU
		{4B7A2C87-ABC9-4B99-A500-DB147F909945}.Release|Any CPU.Build.0 = Release|Any CPU
		{104FA29F-F58B-4C4F-A9B1-A1527FD6A3EF}.Debug|Any CPU.ActiveCfg = Debug|Any CPU
		{104FA29F-F58B-4C4F-A9B1-A1527FD6A3EF}.Debug|Any CPU.Build.0 = Debug|Any CPU
		{104FA29F-F58B-4C4F-A9B1-A1527FD6A3EF}.Release|Any CPU.ActiveCfg = Release|Any CPU
		{104FA29F-F58B-4C4F-A9B1-A1527FD6A3EF}.Release|Any CPU.Build.0 = Release|Any CPU
		{E03295E4-60A5-430F-ACCA-F28E085AD8C9}.Debug|Any CPU.ActiveCfg = Debug|Any CPU
		{E03295E4-60A5-430F-ACCA-F28E085AD8C9}.Debug|Any CPU.Build.0 = Debug|Any CPU
		{E03295E4-60A5-430F-ACCA-F28E085AD8C9}.Release|Any CPU.ActiveCfg = Release|Any CPU
		{E03295E4-60A5-430F-ACCA-F28E085AD8C9}.Release|Any CPU.Build.0 = Release|Any CPU
		{B05CC69D-2285-4F85-978F-D1828B773150}.Debug|Any CPU.ActiveCfg = Debug|Any CPU
		{B05CC69D-2285-4F85-978F-D1828B773150}.Debug|Any CPU.Build.0 = Debug|Any CPU
		{B05CC69D-2285-4F85-978F-D1828B773150}.Release|Any CPU.ActiveCfg = Release|Any CPU
		{B05CC69D-2285-4F85-978F-D1828B773150}.Release|Any CPU.Build.0 = Release|Any CPU
		{641CB7EC-23CE-4911-83B7-E1D435713F80}.Debug|Any CPU.ActiveCfg = Debug|Any CPU
		{641CB7EC-23CE-4911-83B7-E1D435713F80}.Debug|Any CPU.Build.0 = Debug|Any CPU
		{641CB7EC-23CE-4911-83B7-E1D435713F80}.Release|Any CPU.ActiveCfg = Release|Any CPU
		{641CB7EC-23CE-4911-83B7-E1D435713F80}.Release|Any CPU.Build.0 = Release|Any CPU
		{19886B6D-0A32-42B4-94A0-82614B34ACEF}.Debug|Any CPU.ActiveCfg = Debug|Any CPU
		{19886B6D-0A32-42B4-94A0-82614B34ACEF}.Debug|Any CPU.Build.0 = Debug|Any CPU
		{19886B6D-0A32-42B4-94A0-82614B34ACEF}.Release|Any CPU.ActiveCfg = Release|Any CPU
		{19886B6D-0A32-42B4-94A0-82614B34ACEF}.Release|Any CPU.Build.0 = Release|Any CPU
		{F9E03CB8-A7FB-46CC-A3D7-6421E52972AA}.Debug|Any CPU.ActiveCfg = Debug|Any CPU
		{F9E03CB8-A7FB-46CC-A3D7-6421E52972AA}.Debug|Any CPU.Build.0 = Debug|Any CPU
		{F9E03CB8-A7FB-46CC-A3D7-6421E52972AA}.Release|Any CPU.ActiveCfg = Release|Any CPU
		{F9E03CB8-A7FB-46CC-A3D7-6421E52972AA}.Release|Any CPU.Build.0 = Release|Any CPU
		{7082C1DA-1E6C-4DDB-B54A-9609BB79F60F}.Debug|Any CPU.ActiveCfg = Debug|Any CPU
		{7082C1DA-1E6C-4DDB-B54A-9609BB79F60F}.Debug|Any CPU.Build.0 = Debug|Any CPU
		{7082C1DA-1E6C-4DDB-B54A-9609BB79F60F}.Release|Any CPU.ActiveCfg = Release|Any CPU
		{7082C1DA-1E6C-4DDB-B54A-9609BB79F60F}.Release|Any CPU.Build.0 = Release|Any CPU
		{C1D12B50-AD07-4DC9-B96D-D747F2AE3EE4}.Debug|Any CPU.ActiveCfg = Debug|Any CPU
		{C1D12B50-AD07-4DC9-B96D-D747F2AE3EE4}.Debug|Any CPU.Build.0 = Debug|Any CPU
		{C1D12B50-AD07-4DC9-B96D-D747F2AE3EE4}.Release|Any CPU.ActiveCfg = Release|Any CPU
		{C1D12B50-AD07-4DC9-B96D-D747F2AE3EE4}.Release|Any CPU.Build.0 = Release|Any CPU
		{3BC840C4-5502-465D-BC29-15B570BFFDA1}.Debug|Any CPU.ActiveCfg = Debug|Any CPU
		{3BC840C4-5502-465D-BC29-15B570BFFDA1}.Debug|Any CPU.Build.0 = Debug|Any CPU
		{3BC840C4-5502-465D-BC29-15B570BFFDA1}.Release|Any CPU.ActiveCfg = Release|Any CPU
		{3BC840C4-5502-465D-BC29-15B570BFFDA1}.Release|Any CPU.Build.0 = Release|Any CPU
	EndGlobalSection
	GlobalSection(SolutionProperties) = preSolution
		HideSolutionNode = FALSE
	EndGlobalSection
	GlobalSection(ExtensibilityGlobals) = postSolution
		SolutionGuid = {D26377BD-E8B0-4892-8F73-C05205B1FB59}
	EndGlobalSection
EndGlobal
