
Microsoft Visual Studio Solution File, Format Version 12.00
# Visual Studio 15
VisualStudioVersion = 15.0.28010.2036
MinimumVisualStudioVersion = 10.0.40219.1
Project("{FAE04EC0-301F-11D3-BF4B-00C04F79EFBC}") = "GHIElectronics.TinyCLR.BrainPad", "GHIElectronics.TinyCLR.BrainPad.csproj", "{50B4B973-7625-44B2-8304-369790A68B29}"
EndProject
Global
	GlobalSection(SolutionConfigurationPlatforms) = preSolution
		Debug|Any CPU = Debug|Any CPU
		Release|Any CPU = Release|Any CPU
	EndGlobalSection
	GlobalSection(ProjectConfigurationPlatforms) = postSolution
		{50B4B973-7625-44B2-8304-369790A68B29}.Debug|Any CPU.ActiveCfg = Debug|Any CPU
		{50B4B973-7625-44B2-8304-369790A68B29}.Debug|Any CPU.Build.0 = Debug|Any CPU
		{50B4B973-7625-44B2-8304-369790A68B29}.Release|Any CPU.ActiveCfg = Release|Any CPU
		{50B4B973-7625-44B2-8304-369790A68B29}.Release|Any CPU.Build.0 = Release|Any CPU
	EndGlobalSection
	GlobalSection(SolutionProperties) = preSolution
		HideSolutionNode = FALSE
	EndGlobalSection
	GlobalSection(ExtensibilityGlobals) = postSolution
		SolutionGuid = {B6BA9FCA-2ED6-46CE-BB91-C794A4B7C9AA}
	EndGlobalSection
EndGlobal
