
Microsoft Visual Studio Solution File, Format Version 12.00
# Visual Studio 15
VisualStudioVersion = 15.0.28010.2003
MinimumVisualStudioVersion = 10.0.40219.1
Project("{FAE04EC0-301F-11D3-BF4B-00C04F79EFBC}") = "GHIElectronics.TinyCLR.Drawing.BasicGraphics", "GHIElectronics.TinyCLR.Drawing.BasicGraphics\GHIElectronics.TinyCLR.Drawing.BasicGraphics.csproj", "{6F0A4D19-F766-406C-8440-4149A5F9C15D}"
EndProject
Global
	GlobalSection(SolutionConfigurationPlatforms) = preSolution
		Debug|Any CPU = Debug|Any CPU
		Release|Any CPU = Release|Any CPU
	EndGlobalSection
	GlobalSection(ProjectConfigurationPlatforms) = postSolution
		{6F0A4D19-F766-406C-8440-4149A5F9C15D}.Debug|Any CPU.ActiveCfg = Debug|Any CPU
		{6F0A4D19-F766-406C-8440-4149A5F9C15D}.Debug|Any CPU.Build.0 = Debug|Any CPU
		{6F0A4D19-F766-406C-8440-4149A5F9C15D}.Release|Any CPU.ActiveCfg = Release|Any CPU
		{6F0A4D19-F766-406C-8440-4149A5F9C15D}.Release|Any CPU.Build.0 = Release|Any CPU
	EndGlobalSection
	GlobalSection(SolutionProperties) = preSolution
		HideSolutionNode = FALSE
	EndGlobalSection
	GlobalSection(ExtensibilityGlobals) = postSolution
		SolutionGuid = {B2B05F77-4492-4816-8E2B-8D1D2FF2B242}
	EndGlobalSection
EndGlobal
